
Microsoft Visual Studio Solution File, Format Version 12.00
# Visual Studio Version 17
VisualStudioVersion = 17.0.31903.59
MinimumVisualStudioVersion = 10.0.40219.1
Project("{2150E333-8FDC-42A3-9474-1A3956D46DE8}") = "src", "src", "{827E0CD3-B72D-47B6-A68D-7590B98EB39B}"
EndProject
Project("{FAE04EC0-301F-11D3-BF4B-00C04F79EFBC}") = "ElasticOn.RiskAgent.Demo.Functions", "src\ElasticOn.RiskAgent.Demo.Functions\ElasticOn.RiskAgent.Demo.Functions.csproj", "{9B5FF73D-D23A-48B3-B1F4-9D0E63917E19}"
EndProject
Project("{2150E333-8FDC-42A3-9474-1A3956D46DE8}") = "tests", "tests", "{0AB3BF05-4346-4AA6-1389-037BE0695223}"
EndProject
Project("{FAE04EC0-301F-11D3-BF4B-00C04F79EFBC}") = "ElasticOn.RiskAgent.Demo.Functions.Tests", "tests\ElasticOn.RiskAgent.Demo.Functions.Tests\ElasticOn.RiskAgent.Demo.Functions.Tests.csproj", "{E1FE9428-B5D4-4D69-9F87-DEDAAFFEE8DE}"
EndProject
Project("{FAE04EC0-301F-11D3-BF4B-00C04F79EFBC}") = "ElasticOn.RiskAgent.Demo.M365", "src\ElasticOn.RiskAgent.Demo.M365\ElasticOn.RiskAgent.Demo.M365.csproj", "{76953BAA-B828-F401-2FE6-07F52C7D193A}"
EndProject
Project("{FAE04EC0-301F-11D3-BF4B-00C04F79EFBC}") = "ElasticOn.RiskAgent.Demo.Web", "src\ElasticOn.RiskAgent.Demo.Web\ElasticOn.RiskAgent.Demo.Web.csproj", "{B1853002-C9EA-4EE3-A64D-6EA97B998E49}"
EndProject
Project("{A9E3F50B-275E-4AF7-ADCE-8BE12D41E305}") = "M365Agent", "M365Agent\M365Agent.atkproj", "{B069B3BD-F6BC-CC40-82AB-3FCC2EA50FDF}"
EndProject
Global
	GlobalSection(SolutionConfigurationPlatforms) = preSolution
		Debug|Any CPU = Debug|Any CPU
		Debug|x64 = Debug|x64
		Debug|x86 = Debug|x86
		Release|Any CPU = Release|Any CPU
		Release|x64 = Release|x64
		Release|x86 = Release|x86
	EndGlobalSection
	GlobalSection(ProjectConfigurationPlatforms) = postSolution
		{9B5FF73D-D23A-48B3-B1F4-9D0E63917E19}.Debug|Any CPU.ActiveCfg = Debug|Any CPU
		{9B5FF73D-D23A-48B3-B1F4-9D0E63917E19}.Debug|Any CPU.Build.0 = Debug|Any CPU
		{9B5FF73D-D23A-48B3-B1F4-9D0E63917E19}.Debug|x64.ActiveCfg = Debug|Any CPU
		{9B5FF73D-D23A-48B3-B1F4-9D0E63917E19}.Debug|x64.Build.0 = Debug|Any CPU
		{9B5FF73D-D23A-48B3-B1F4-9D0E63917E19}.Debug|x86.ActiveCfg = Debug|Any CPU
		{9B5FF73D-D23A-48B3-B1F4-9D0E63917E19}.Debug|x86.Build.0 = Debug|Any CPU
		{9B5FF73D-D23A-48B3-B1F4-9D0E63917E19}.Release|Any CPU.ActiveCfg = Release|Any CPU
		{9B5FF73D-D23A-48B3-B1F4-9D0E63917E19}.Release|Any CPU.Build.0 = Release|Any CPU
		{9B5FF73D-D23A-48B3-B1F4-9D0E63917E19}.Release|x64.ActiveCfg = Release|Any CPU
		{9B5FF73D-D23A-48B3-B1F4-9D0E63917E19}.Release|x64.Build.0 = Release|Any CPU
		{9B5FF73D-D23A-48B3-B1F4-9D0E63917E19}.Release|x86.ActiveCfg = Release|Any CPU
		{9B5FF73D-D23A-48B3-B1F4-9D0E63917E19}.Release|x86.Build.0 = Release|Any CPU
		{E1FE9428-B5D4-4D69-9F87-DEDAAFFEE8DE}.Debug|Any CPU.ActiveCfg = Debug|Any CPU
		{E1FE9428-B5D4-4D69-9F87-DEDAAFFEE8DE}.Debug|Any CPU.Build.0 = Debug|Any CPU
		{E1FE9428-B5D4-4D69-9F87-DEDAAFFEE8DE}.Debug|x64.ActiveCfg = Debug|Any CPU
		{E1FE9428-B5D4-4D69-9F87-DEDAAFFEE8DE}.Debug|x64.Build.0 = Debug|Any CPU
		{E1FE9428-B5D4-4D69-9F87-DEDAAFFEE8DE}.Debug|x86.ActiveCfg = Debug|Any CPU
		{E1FE9428-B5D4-4D69-9F87-DEDAAFFEE8DE}.Debug|x86.Build.0 = Debug|Any CPU
		{E1FE9428-B5D4-4D69-9F87-DEDAAFFEE8DE}.Release|Any CPU.ActiveCfg = Release|Any CPU
		{E1FE9428-B5D4-4D69-9F87-DEDAAFFEE8DE}.Release|Any CPU.Build.0 = Release|Any CPU
		{E1FE9428-B5D4-4D69-9F87-DEDAAFFEE8DE}.Release|x64.ActiveCfg = Release|Any CPU
		{E1FE9428-B5D4-4D69-9F87-DEDAAFFEE8DE}.Release|x64.Build.0 = Release|Any CPU
		{E1FE9428-B5D4-4D69-9F87-DEDAAFFEE8DE}.Release|x86.ActiveCfg = Release|Any CPU
		{E1FE9428-B5D4-4D69-9F87-DEDAAFFEE8DE}.Release|x86.Build.0 = Release|Any CPU
		{76953BAA-B828-F401-2FE6-07F52C7D193A}.Debug|Any CPU.ActiveCfg = Debug|Any CPU
		{76953BAA-B828-F401-2FE6-07F52C7D193A}.Debug|Any CPU.Build.0 = Debug|Any CPU
		{76953BAA-B828-F401-2FE6-07F52C7D193A}.Debug|x64.ActiveCfg = Debug|Any CPU
		{76953BAA-B828-F401-2FE6-07F52C7D193A}.Debug|x64.Build.0 = Debug|Any CPU
		{76953BAA-B828-F401-2FE6-07F52C7D193A}.Debug|x86.ActiveCfg = Debug|Any CPU
		{76953BAA-B828-F401-2FE6-07F52C7D193A}.Debug|x86.Build.0 = Debug|Any CPU
		{76953BAA-B828-F401-2FE6-07F52C7D193A}.Release|Any CPU.ActiveCfg = Release|Any CPU
		{76953BAA-B828-F401-2FE6-07F52C7D193A}.Release|Any CPU.Build.0 = Release|Any CPU
		{76953BAA-B828-F401-2FE6-07F52C7D193A}.Release|x64.ActiveCfg = Release|Any CPU
		{76953BAA-B828-F401-2FE6-07F52C7D193A}.Release|x64.Build.0 = Release|Any CPU
		{76953BAA-B828-F401-2FE6-07F52C7D193A}.Release|x86.ActiveCfg = Release|Any CPU
		{76953BAA-B828-F401-2FE6-07F52C7D193A}.Release|x86.Build.0 = Release|Any CPU
		{B1853002-C9EA-4EE3-A64D-6EA97B998E49}.Debug|Any CPU.ActiveCfg = Debug|Any CPU
		{B1853002-C9EA-4EE3-A64D-6EA97B998E49}.Debug|Any CPU.Build.0 = Debug|Any CPU
		{B1853002-C9EA-4EE3-A64D-6EA97B998E49}.Debug|x64.ActiveCfg = Debug|Any CPU
		{B1853002-C9EA-4EE3-A64D-6EA97B998E49}.Debug|x64.Build.0 = Debug|Any CPU
		{B1853002-C9EA-4EE3-A64D-6EA97B998E49}.Debug|x86.ActiveCfg = Debug|Any CPU
		{B1853002-C9EA-4EE3-A64D-6EA97B998E49}.Debug|x86.Build.0 = Debug|Any CPU
		{B1853002-C9EA-4EE3-A64D-6EA97B998E49}.Release|Any CPU.ActiveCfg = Release|Any CPU
		{B1853002-C9EA-4EE3-A64D-6EA97B998E49}.Release|Any CPU.Build.0 = Release|Any CPU
		{B1853002-C9EA-4EE3-A64D-6EA97B998E49}.Release|x64.ActiveCfg = Release|Any CPU
		{B1853002-C9EA-4EE3-A64D-6EA97B998E49}.Release|x64.Build.0 = Release|Any CPU
		{B1853002-C9EA-4EE3-A64D-6EA97B998E49}.Release|x86.ActiveCfg = Release|Any CPU
		{B1853002-C9EA-4EE3-A64D-6EA97B998E49}.Release|x86.Build.0 = Release|Any CPU
		{B069B3BD-F6BC-CC40-82AB-3FCC2EA50FDF}.Debug|Any CPU.ActiveCfg = Debug|Any CPU
		{B069B3BD-F6BC-CC40-82AB-3FCC2EA50FDF}.Debug|Any CPU.Build.0 = Debug|Any CPU
		{B069B3BD-F6BC-CC40-82AB-3FCC2EA50FDF}.Debug|Any CPU.Deploy.0 = Debug|Any CPU
		{B069B3BD-F6BC-CC40-82AB-3FCC2EA50FDF}.Debug|x64.ActiveCfg = Debug|Any CPU
		{B069B3BD-F6BC-CC40-82AB-3FCC2EA50FDF}.Debug|x64.Build.0 = Debug|Any CPU
		{B069B3BD-F6BC-CC40-82AB-3FCC2EA50FDF}.Debug|x64.Deploy.0 = Debug|Any CPU
		{B069B3BD-F6BC-CC40-82AB-3FCC2EA50FDF}.Debug|x86.ActiveCfg = Debug|Any CPU
		{B069B3BD-F6BC-CC40-82AB-3FCC2EA50FDF}.Debug|x86.Build.0 = Debug|Any CPU
		{B069B3BD-F6BC-CC40-82AB-3FCC2EA50FDF}.Debug|x86.Deploy.0 = Debug|Any CPU
		{B069B3BD-F6BC-CC40-82AB-3FCC2EA50FDF}.Release|Any CPU.ActiveCfg = Release|Any CPU
		{B069B3BD-F6BC-CC40-82AB-3FCC2EA50FDF}.Release|Any CPU.Build.0 = Release|Any CPU
		{B069B3BD-F6BC-CC40-82AB-3FCC2EA50FDF}.Release|Any CPU.Deploy.0 = Release|Any CPU
		{B069B3BD-F6BC-CC40-82AB-3FCC2EA50FDF}.Release|x64.ActiveCfg = Release|Any CPU
		{B069B3BD-F6BC-CC40-82AB-3FCC2EA50FDF}.Release|x64.Build.0 = Release|Any CPU
		{B069B3BD-F6BC-CC40-82AB-3FCC2EA50FDF}.Release|x64.Deploy.0 = Release|Any CPU
		{B069B3BD-F6BC-CC40-82AB-3FCC2EA50FDF}.Release|x86.ActiveCfg = Release|Any CPU
		{B069B3BD-F6BC-CC40-82AB-3FCC2EA50FDF}.Release|x86.Build.0 = Release|Any CPU
		{B069B3BD-F6BC-CC40-82AB-3FCC2EA50FDF}.Release|x86.Deploy.0 = Release|Any CPU
	EndGlobalSection
	GlobalSection(SolutionProperties) = preSolution
		HideSolutionNode = FALSE
	EndGlobalSection
	GlobalSection(NestedProjects) = preSolution
		{9B5FF73D-D23A-48B3-B1F4-9D0E63917E19} = {827E0CD3-B72D-47B6-A68D-7590B98EB39B}
		{E1FE9428-B5D4-4D69-9F87-DEDAAFFEE8DE} = {0AB3BF05-4346-4AA6-1389-037BE0695223}
		{76953BAA-B828-F401-2FE6-07F52C7D193A} = {827E0CD3-B72D-47B6-A68D-7590B98EB39B}
		{B1853002-C9EA-4EE3-A64D-6EA97B998E49} = {827E0CD3-B72D-47B6-A68D-7590B98EB39B}
	EndGlobalSection
	GlobalSection(ExtensibilityGlobals) = postSolution
		SolutionGuid = {69756BBB-1C68-4160-9DA3-8B4FF87430FF}
	EndGlobalSection
EndGlobal
